
Microsoft Visual Studio Solution File, Format Version 12.00
# Visual Studio Version 16
VisualStudioVersion = 16.0.31105.61
MinimumVisualStudioVersion = 10.0.40219.1
Project("{FAE04EC0-301F-11D3-BF4B-00C04F79EFBC}") = "Bethesda-Pex-Decompiler-Executor", "Bethesda-Pex-Decompiler-Executor.csproj", "{B7C13C5B-4E14-4901-9656-5E3D17672370}"
EndProject
Global
	GlobalSection(SolutionConfigurationPlatforms) = preSolution
		Debug|Any CPU = Debug|Any CPU
		Release|Any CPU = Release|Any CPU
	EndGlobalSection
	GlobalSection(ProjectConfigurationPlatforms) = postSolution
		{B7C13C5B-4E14-4901-9656-5E3D17672370}.Debug|Any CPU.ActiveCfg = Debug|Any CPU
		{B7C13C5B-4E14-4901-9656-5E3D17672370}.Debug|Any CPU.Build.0 = Debug|Any CPU
		{B7C13C5B-4E14-4901-9656-5E3D17672370}.Release|Any CPU.ActiveCfg = Release|Any CPU
		{B7C13C5B-4E14-4901-9656-5E3D17672370}.Release|Any CPU.Build.0 = Release|Any CPU
	EndGlobalSection
	GlobalSection(SolutionProperties) = preSolution
		HideSolutionNode = FALSE
	EndGlobalSection
	GlobalSection(ExtensibilityGlobals) = postSolution
		SolutionGuid = {6E048BF1-DCA8-4067-A067-3D2AD9974BE8}
	EndGlobalSection
EndGlobal
